// !$*UTF8*$!
{
	archiveVersion = 1;
	classes = {
	};
	objectVersion = 56;
	objects = {

/* Begin PBXBuildFile section */
		02D625CB2B87586700D40043 /* ntciaApp.swift in Sources */ = {isa = PBXBuildFile; fileRef = 02D625CA2B87586700D40043 /* ntciaApp.swift */; };
		02D625CD2B87586700D40043 /* ContentView.swift in Sources */ = {isa = PBXBuildFile; fileRef = 02D625CC2B87586700D40043 /* ContentView.swift */; };
		02D625CF2B87586C00D40043 /* Assets.xcassets in Resources */ = {isa = PBXBuildFile; fileRef = 02D625CE2B87586C00D40043 /* Assets.xcassets */; };
		02D625D22B87586C00D40043 /* Preview Assets.xcassets in Resources */ = {isa = PBXBuildFile; fileRef = 02D625D12B87586C00D40043 /* Preview Assets.xcassets */; };
		02D625DC2B87586C00D40043 /* ntciaTests.swift in Sources */ = {isa = PBXBuildFile; fileRef = 02D625DB2B87586C00D40043 /* ntciaTests.swift */; };
		02D625E62B87586C00D40043 /* ntciaUITests.swift in Sources */ = {isa = PBXBuildFile; fileRef = 02D625E52B87586C00D40043 /* ntciaUITests.swift */; };
		02D625E82B87586C00D40043 /* ntciaUITestsLaunchTests.swift in Sources */ = {isa = PBXBuildFile; fileRef = 02D625E72B87586C00D40043 /* ntciaUITestsLaunchTests.swift */; };
		02D625F62B875B4200D40043 /* PythonKit in Frameworks */ = {isa = PBXBuildFile; productRef = 02D625F52B875B4200D40043 /* PythonKit */; };
		02D625FA2B875E9D00D40043 /* runpython.swift in Sources */ = {isa = PBXBuildFile; fileRef = 02D625F92B875E9D00D40043 /* runpython.swift */; };
/* End PBXBuildFile section */

/* Begin PBXContainerItemProxy section */
		02D625D82B87586C00D40043 /* PBXContainerItemProxy */ = {
			isa = PBXContainerItemProxy;
			containerPortal = 02D625BF2B87586700D40043 /* Project object */;
			proxyType = 1;
			remoteGlobalIDString = 02D625C62B87586700D40043;
			remoteInfo = ntcia;
		};
		02D625E22B87586C00D40043 /* PBXContainerItemProxy */ = {
			isa = PBXContainerItemProxy;
			containerPortal = 02D625BF2B87586700D40043 /* Project object */;
			proxyType = 1;
			remoteGlobalIDString = 02D625C62B87586700D40043;
			remoteInfo = ntcia;
		};
/* End PBXContainerItemProxy section */

/* Begin PBXFileReference section */
		02D625C72B87586700D40043 /* ntcia.app */ = {isa = PBXFileReference; explicitFileType = wrapper.application; includeInIndex = 0; path = ntcia.app; sourceTree = BUILT_PRODUCTS_DIR; };
		02D625CA2B87586700D40043 /* ntciaApp.swift */ = {isa = PBXFileReference; lastKnownFileType = sourcecode.swift; path = ntciaApp.swift; sourceTree = "<group>"; };
		02D625CC2B87586700D40043 /* ContentView.swift */ = {isa = PBXFileReference; lastKnownFileType = sourcecode.swift; path = ContentView.swift; sourceTree = "<group>"; };
		02D625CE2B87586C00D40043 /* Assets.xcassets */ = {isa = PBXFileReference; lastKnownFileType = folder.assetcatalog; path = Assets.xcassets; sourceTree = "<group>"; };
		02D625D12B87586C00D40043 /* Preview Assets.xcassets */ = {isa = PBXFileReference; lastKnownFileType = folder.assetcatalog; path = "Preview Assets.xcassets"; sourceTree = "<group>"; };
		02D625D72B87586C00D40043 /* ntciaTests.xctest */ = {isa = PBXFileReference; explicitFileType = wrapper.cfbundle; includeInIndex = 0; path = ntciaTests.xctest; sourceTree = BUILT_PRODUCTS_DIR; };
		02D625DB2B87586C00D40043 /* ntciaTests.swift */ = {isa = PBXFileReference; lastKnownFileType = sourcecode.swift; path = ntciaTests.swift; sourceTree = "<group>"; };
		02D625E12B87586C00D40043 /* ntciaUITests.xctest */ = {isa = PBXFileReference; explicitFileType = wrapper.cfbundle; includeInIndex = 0; path = ntciaUITests.xctest; sourceTree = BUILT_PRODUCTS_DIR; };
		02D625E52B87586C00D40043 /* ntciaUITests.swift */ = {isa = PBXFileReference; lastKnownFileType = sourcecode.swift; path = ntciaUITests.swift; sourceTree = "<group>"; };
		02D625E72B87586C00D40043 /* ntciaUITestsLaunchTests.swift */ = {isa = PBXFileReference; lastKnownFileType = sourcecode.swift; path = ntciaUITestsLaunchTests.swift; sourceTree = "<group>"; };
		02D625F92B875E9D00D40043 /* runpython.swift */ = {isa = PBXFileReference; lastKnownFileType = sourcecode.swift; path = runpython.swift; sourceTree = "<group>"; };
/* End PBXFileReference section */

/* Begin PBXFrameworksBuildPhase section */
		02D625C42B87586700D40043 /* Frameworks */ = {
			isa = PBXFrameworksBuildPhase;
			buildActionMask = 2147483647;
			files = (
				02D625F62B875B4200D40043 /* PythonKit in Frameworks */,
			);
			runOnlyForDeploymentPostprocessing = 0;
		};
		02D625D42B87586C00D40043 /* Frameworks */ = {
			isa = PBXFrameworksBuildPhase;
			buildActionMask = 2147483647;
			files = (
			);
			runOnlyForDeploymentPostprocessing = 0;
		};
		02D625DE2B87586C00D40043 /* Frameworks */ = {
			isa = PBXFrameworksBuildPhase;
			buildActionMask = 2147483647;
			files = (
			);
			runOnlyForDeploymentPostprocessing = 0;
		};
/* End PBXFrameworksBuildPhase section */

/* Begin PBXGroup section */
		02D625BE2B87586700D40043 = {
			isa = PBXGroup;
			children = (
				02D625C92B87586700D40043 /* ntcia */,
				02D625DA2B87586C00D40043 /* ntciaTests */,
				02D625E42B87586C00D40043 /* ntciaUITests */,
				02D625C82B87586700D40043 /* Products */,
			);
			sourceTree = "<group>";
		};
		02D625C82B87586700D40043 /* Products */ = {
			isa = PBXGroup;
			children = (
				02D625C72B87586700D40043 /* ntcia.app */,
				02D625D72B87586C00D40043 /* ntciaTests.xctest */,
				02D625E12B87586C00D40043 /* ntciaUITests.xctest */,
			);
			name = Products;
			sourceTree = "<group>";
		};
		02D625C92B87586700D40043 /* ntcia */ = {
			isa = PBXGroup;
			children = (
				02D625F92B875E9D00D40043 /* runpython.swift */,
				02D625CA2B87586700D40043 /* ntciaApp.swift */,
				02D625CC2B87586700D40043 /* ContentView.swift */,
				02D625CE2B87586C00D40043 /* Assets.xcassets */,
				02D625D02B87586C00D40043 /* Preview Content */,
			);
			path = ntcia;
			sourceTree = "<group>";
		};
		02D625D02B87586C00D40043 /* Preview Content */ = {
			isa = PBXGroup;
			children = (
				02D625D12B87586C00D40043 /* Preview Assets.xcassets */,
			);
			path = "Preview Content";
			sourceTree = "<group>";
		};
		02D625DA2B87586C00D40043 /* ntciaTests */ = {
			isa = PBXGroup;
			children = (
				02D625DB2B87586C00D40043 /* ntciaTests.swift */,
			);
			path = ntciaTests;
			sourceTree = "<group>";
		};
		02D625E42B87586C00D40043 /* ntciaUITests */ = {
			isa = PBXGroup;
			children = (
				02D625E52B87586C00D40043 /* ntciaUITests.swift */,
				02D625E72B87586C00D40043 /* ntciaUITestsLaunchTests.swift */,
			);
			path = ntciaUITests;
			sourceTree = "<group>";
		};
/* End PBXGroup section */

/* Begin PBXNativeTarget section */
		02D625C62B87586700D40043 /* ntcia */ = {
			isa = PBXNativeTarget;
			buildConfigurationList = 02D625EB2B87586C00D40043 /* Build configuration list for PBXNativeTarget "ntcia" */;
			buildPhases = (
				02D625C32B87586700D40043 /* Sources */,
				02D625C42B87586700D40043 /* Frameworks */,
				02D625C52B87586700D40043 /* Resources */,
			);
			buildRules = (
			);
			dependencies = (
			);
			name = ntcia;
			packageProductDependencies = (
				02D625F52B875B4200D40043 /* PythonKit */,
			);
			productName = ntcia;
			productReference = 02D625C72B87586700D40043 /* ntcia.app */;
			productType = "com.apple.product-type.application";
		};
		02D625D62B87586C00D40043 /* ntciaTests */ = {
			isa = PBXNativeTarget;
			buildConfigurationList = 02D625EE2B87586C00D40043 /* Build configuration list for PBXNativeTarget "ntciaTests" */;
			buildPhases = (
				02D625D32B87586C00D40043 /* Sources */,
				02D625D42B87586C00D40043 /* Frameworks */,
				02D625D52B87586C00D40043 /* Resources */,
			);
			buildRules = (
			);
			dependencies = (
				02D625D92B87586C00D40043 /* PBXTargetDependency */,
			);
			name = ntciaTests;
			productName = ntciaTests;
			productReference = 02D625D72B87586C00D40043 /* ntciaTests.xctest */;
			productType = "com.apple.product-type.bundle.unit-test";
		};
		02D625E02B87586C00D40043 /* ntciaUITests */ = {
			isa = PBXNativeTarget;
			buildConfigurationList = 02D625F12B87586C00D40043 /* Build configuration list for PBXNativeTarget "ntciaUITests" */;
			buildPhases = (
				02D625DD2B87586C00D40043 /* Sources */,
				02D625DE2B87586C00D40043 /* Frameworks */,
				02D625DF2B87586C00D40043 /* Resources */,
			);
			buildRules = (
			);
			dependencies = (
				02D625E32B87586C00D40043 /* PBXTargetDependency */,
			);
			name = ntciaUITests;
			productName = ntciaUITests;
			productReference = 02D625E12B87586C00D40043 /* ntciaUITests.xctest */;
			productType = "com.apple.product-type.bundle.ui-testing";
		};
/* End PBXNativeTarget section */

/* Begin PBXProject section */
		02D625BF2B87586700D40043 /* Project object */ = {
			isa = PBXProject;
			attributes = {
				BuildIndependentTargetsInParallel = 1;
				LastSwiftUpdateCheck = 1500;
				LastUpgradeCheck = 1500;
				TargetAttributes = {
					02D625C62B87586700D40043 = {
						CreatedOnToolsVersion = 15.0;
					};
					02D625D62B87586C00D40043 = {
						CreatedOnToolsVersion = 15.0;
						TestTargetID = 02D625C62B87586700D40043;
					};
					02D625E02B87586C00D40043 = {
						CreatedOnToolsVersion = 15.0;
						TestTargetID = 02D625C62B87586700D40043;
					};
				};
			};
			buildConfigurationList = 02D625C22B87586700D40043 /* Build configuration list for PBXProject "ntcia" */;
			compatibilityVersion = "Xcode 14.0";
			developmentRegion = en;
			hasScannedForEncodings = 0;
			knownRegions = (
				en,
				Base,
			);
			mainGroup = 02D625BE2B87586700D40043;
			packageReferences = (
				02D625F42B875B4100D40043 /* XCRemoteSwiftPackageReference "PythonKit" */,
			);
			productRefGroup = 02D625C82B87586700D40043 /* Products */;
			projectDirPath = "";
			projectRoot = "";
			targets = (
				02D625C62B87586700D40043 /* ntcia */,
				02D625D62B87586C00D40043 /* ntciaTests */,
				02D625E02B87586C00D40043 /* ntciaUITests */,
			);
		};
/* End PBXProject section */

/* Begin PBXResourcesBuildPhase section */
		02D625C52B87586700D40043 /* Resources */ = {
			isa = PBXResourcesBuildPhase;
			buildActionMask = 2147483647;
			files = (
				02D625D22B87586C00D40043 /* Preview Assets.xcassets in Resources */,
				02D625CF2B87586C00D40043 /* Assets.xcassets in Resources */,
			);
			runOnlyForDeploymentPostprocessing = 0;
		};
		02D625D52B87586C00D40043 /* Resources */ = {
			isa = PBXResourcesBuildPhase;
			buildActionMask = 2147483647;
			files = (
			);
			runOnlyForDeploymentPostprocessing = 0;
		};
		02D625DF2B87586C00D40043 /* Resources */ = {
			isa = PBXResourcesBuildPhase;
			buildActionMask = 2147483647;
			files = (
			);
			runOnlyForDeploymentPostprocessing = 0;
		};
/* End PBXResourcesBuildPhase section */

/* Begin PBXSourcesBuildPhase section */
		02D625C32B87586700D40043 /* Sources */ = {
			isa = PBXSourcesBuildPhase;
			buildActionMask = 2147483647;
			files = (
				02D625CD2B87586700D40043 /* ContentView.swift in Sources */,
				02D625FA2B875E9D00D40043 /* runpython.swift in Sources */,
				02D625CB2B87586700D40043 /* ntciaApp.swift in Sources */,
			);
			runOnlyForDeploymentPostprocessing = 0;
		};
		02D625D32B87586C00D40043 /* Sources */ = {
			isa = PBXSourcesBuildPhase;
			buildActionMask = 2147483647;
			files = (
				02D625DC2B87586C00D40043 /* ntciaTests.swift in Sources */,
			);
			runOnlyForDeploymentPostprocessing = 0;
		};
		02D625DD2B87586C00D40043 /* Sources */ = {
			isa = PBXSourcesBuildPhase;
			buildActionMask = 2147483647;
			files = (
				02D625E82B87586C00D40043 /* ntciaUITestsLaunchTests.swift in Sources */,
				02D625E62B87586C00D40043 /* ntciaUITests.swift in Sources */,
			);
			runOnlyForDeploymentPostprocessing = 0;
		};
/* End PBXSourcesBuildPhase section */

/* Begin PBXTargetDependency section */
		02D625D92B87586C00D40043 /* PBXTargetDependency */ = {
			isa = PBXTargetDependency;
			target = 02D625C62B87586700D40043 /* ntcia */;
			targetProxy = 02D625D82B87586C00D40043 /* PBXContainerItemProxy */;
		};
		02D625E32B87586C00D40043 /* PBXTargetDependency */ = {
			isa = PBXTargetDependency;
			target = 02D625C62B87586700D40043 /* ntcia */;
			targetProxy = 02D625E22B87586C00D40043 /* PBXContainerItemProxy */;
		};
/* End PBXTargetDependency section */

/* Begin XCBuildConfiguration section */
		02D625E92B87586C00D40043 /* Debug */ = {
			isa = XCBuildConfiguration;
			buildSettings = {
				ALWAYS_SEARCH_USER_PATHS = NO;
				ASSETCATALOG_COMPILER_GENERATE_SWIFT_ASSET_SYMBOL_EXTENSIONS = YES;
				CLANG_ANALYZER_NONNULL = YES;
				CLANG_ANALYZER_NUMBER_OBJECT_CONVERSION = YES_AGGRESSIVE;
				CLANG_CXX_LANGUAGE_STANDARD = "gnu++20";
				CLANG_ENABLE_MODULES = YES;
				CLANG_ENABLE_OBJC_ARC = YES;
				CLANG_ENABLE_OBJC_WEAK = YES;
				CLANG_WARN_BLOCK_CAPTURE_AUTORELEASING = YES;
				CLANG_WARN_BOOL_CONVERSION = YES;
				CLANG_WARN_COMMA = YES;
				CLANG_WARN_CONSTANT_CONVERSION = YES;
				CLANG_WARN_DEPRECATED_OBJC_IMPLEMENTATIONS = YES;
				CLANG_WARN_DIRECT_OBJC_ISA_USAGE = YES_ERROR;
				CLANG_WARN_DOCUMENTATION_COMMENTS = YES;
				CLANG_WARN_EMPTY_BODY = YES;
				CLANG_WARN_ENUM_CONVERSION = YES;
				CLANG_WARN_INFINITE_RECURSION = YES;
				CLANG_WARN_INT_CONVERSION = YES;
				CLANG_WARN_NON_LITERAL_NULL_CONVERSION = YES;
				CLANG_WARN_OBJC_IMPLICIT_RETAIN_SELF = YES;
				CLANG_WARN_OBJC_LITERAL_CONVERSION = YES;
				CLANG_WARN_OBJC_ROOT_CLASS = YES_ERROR;
				CLANG_WARN_QUOTED_INCLUDE_IN_FRAMEWORK_HEADER = YES;
				CLANG_WARN_RANGE_LOOP_ANALYSIS = YES;
				CLANG_WARN_STRICT_PROTOTYPES = YES;
				CLANG_WARN_SUSPICIOUS_MOVE = YES;
				CLANG_WARN_UNGUARDED_AVAILABILITY = YES_AGGRESSIVE;
				CLANG_WARN_UNREACHABLE_CODE = YES;
				CLANG_WARN__DUPLICATE_METHOD_MATCH = YES;
				COPY_PHASE_STRIP = NO;
				DEBUG_INFORMATION_FORMAT = dwarf;
				ENABLE_STRICT_OBJC_MSGSEND = YES;
				ENABLE_TESTABILITY = YES;
				ENABLE_USER_SCRIPT_SANDBOXING = YES;
				GCC_C_LANGUAGE_STANDARD = gnu17;
				GCC_DYNAMIC_NO_PIC = NO;
				GCC_NO_COMMON_BLOCKS = YES;
				GCC_OPTIMIZATION_LEVEL = 0;
				GCC_PREPROCESSOR_DEFINITIONS = (
					"DEBUG=1",
					"$(inherited)",
				);
				GCC_WARN_64_TO_32_BIT_CONVERSION = YES;
				GCC_WARN_ABOUT_RETURN_TYPE = YES_ERROR;
				GCC_WARN_UNDECLARED_SELECTOR = YES;
				GCC_WARN_UNINITIALIZED_AUTOS = YES_AGGRESSIVE;
				GCC_WARN_UNUSED_FUNCTION = YES;
				GCC_WARN_UNUSED_VARIABLE = YES;
				IPHONEOS_DEPLOYMENT_TARGET = 17.0;
				LOCALIZATION_PREFERS_STRING_CATALOGS = YES;
				MTL_ENABLE_DEBUG_INFO = INCLUDE_SOURCE;
				MTL_FAST_MATH = YES;
				ONLY_ACTIVE_ARCH = YES;
				SDKROOT = iphoneos;
				SWIFT_ACTIVE_COMPILATION_CONDITIONS = "DEBUG $(inherited)";
				SWIFT_OPTIMIZATION_LEVEL = "-Onone";
			};
			name = Debug;
		};
		02D625EA2B87586C00D40043 /* Release */ = {
			isa = XCBuildConfiguration;
			buildSettings = {
				ALWAYS_SEARCH_USER_PATHS = NO;
				ASSETCATALOG_COMPILER_GENERATE_SWIFT_ASSET_SYMBOL_EXTENSIONS = YES;
				CLANG_ANALYZER_NONNULL = YES;
				CLANG_ANALYZER_NUMBER_OBJECT_CONVERSION = YES_AGGRESSIVE;
				CLANG_CXX_LANGUAGE_STANDARD = "gnu++20";
				CLANG_ENABLE_MODULES = YES;
				CLANG_ENABLE_OBJC_ARC = YES;
				CLANG_ENABLE_OBJC_WEAK = YES;
				CLANG_WARN_BLOCK_CAPTURE_AUTORELEASING = YES;
				CLANG_WARN_BOOL_CONVERSION = YES;
				CLANG_WARN_COMMA = YES;
				CLANG_WARN_CONSTANT_CONVERSION = YES;
				CLANG_WARN_DEPRECATED_OBJC_IMPLEMENTATIONS = YES;
				CLANG_WARN_DIRECT_OBJC_ISA_USAGE = YES_ERROR;
				CLANG_WARN_DOCUMENTATION_COMMENTS = YES;
				CLANG_WARN_EMPTY_BODY = YES;
				CLANG_WARN_ENUM_CONVERSION = YES;
				CLANG_WARN_INFINITE_RECURSION = YES;
				CLANG_WARN_INT_CONVERSION = YES;
				CLANG_WARN_NON_LITERAL_NULL_CONVERSION = YES;
				CLANG_WARN_OBJC_IMPLICIT_RETAIN_SELF = YES;
				CLANG_WARN_OBJC_LITERAL_CONVERSION = YES;
				CLANG_WARN_OBJC_ROOT_CLASS = YES_ERROR;
				CLANG_WARN_QUOTED_INCLUDE_IN_FRAMEWORK_HEADER = YES;
				CLANG_WARN_RANGE_LOOP_ANALYSIS = YES;
				CLANG_WARN_STRICT_PROTOTYPES = YES;
				CLANG_WARN_SUSPICIOUS_MOVE = YES;
				CLANG_WARN_UNGUARDED_AVAILABILITY = YES_AGGRESSIVE;
				CLANG_WARN_UNREACHABLE_CODE = YES;
				CLANG_WARN__DUPLICATE_METHOD_MATCH = YES;
				COPY_PHASE_STRIP = NO;
				DEBUG_INFORMATION_FORMAT = "dwarf-with-dsym";
				ENABLE_NS_ASSERTIONS = NO;
				ENABLE_STRICT_OBJC_MSGSEND = YES;
				ENABLE_USER_SCRIPT_SANDBOXING = YES;
				GCC_C_LANGUAGE_STANDARD = gnu17;
				GCC_NO_COMMON_BLOCKS = YES;
				GCC_WARN_64_TO_32_BIT_CONVERSION = YES;
				GCC_WARN_ABOUT_RETURN_TYPE = YES_ERROR;
				GCC_WARN_UNDECLARED_SELECTOR = YES;
				GCC_WARN_UNINITIALIZED_AUTOS = YES_AGGRESSIVE;
				GCC_WARN_UNUSED_FUNCTION = YES;
				GCC_WARN_UNUSED_VARIABLE = YES;
				IPHONEOS_DEPLOYMENT_TARGET = 17.0;
				LOCALIZATION_PREFERS_STRING_CATALOGS = YES;
				MTL_ENABLE_DEBUG_INFO = NO;
				MTL_FAST_MATH = YES;
				SDKROOT = iphoneos;
				SWIFT_COMPILATION_MODE = wholemodule;
				VALIDATE_PRODUCT = YES;
			};
			name = Release;
		};
		02D625EC2B87586C00D40043 /* Debug */ = {
			isa = XCBuildConfiguration;
			buildSettings = {
				ASSETCATALOG_COMPILER_APPICON_NAME = AppIcon;
				ASSETCATALOG_COMPILER_GLOBAL_ACCENT_COLOR_NAME = AccentColor;
				CODE_SIGN_STYLE = Automatic;
				CURRENT_PROJECT_VERSION = 1;
				DEVELOPMENT_ASSET_PATHS = "\"ntcia/Preview Content\"";
				DEVELOPMENT_TEAM = ARFFLBJA7C;
				ENABLE_PREVIEWS = YES;
				GENERATE_INFOPLIST_FILE = YES;
				INFOPLIST_KEY_UIApplicationSceneManifest_Generation = YES;
				INFOPLIST_KEY_UIApplicationSupportsIndirectInputEvents = YES;
				INFOPLIST_KEY_UILaunchScreen_Generation = YES;
				INFOPLIST_KEY_UISupportedInterfaceOrientations_iPad = "UIInterfaceOrientationPortrait UIInterfaceOrientationPortraitUpsideDown UIInterfaceOrientationLandscapeLeft UIInterfaceOrientationLandscapeRight";
				INFOPLIST_KEY_UISupportedInterfaceOrientations_iPhone = "UIInterfaceOrientationPortrait UIInterfaceOrientationLandscapeLeft UIInterfaceOrientationLandscapeRight";
				LD_RUNPATH_SEARCH_PATHS = (
					"$(inherited)",
					"@executable_path/Frameworks",
				);
				MARKETING_VERSION = 1.0;
				PRODUCT_BUNDLE_IDENTIFIER = net.amosity.ntcia;
				PRODUCT_NAME = "$(TARGET_NAME)";
				SWIFT_EMIT_LOC_STRINGS = YES;
				SWIFT_VERSION = 5.0;
				TARGETED_DEVICE_FAMILY = "1,2";
			};
			name = Debug;
		};
		02D625ED2B87586C00D40043 /* Release */ = {
			isa = XCBuildConfiguration;
			buildSettings = {
				ASSETCATALOG_COMPILER_APPICON_NAME = AppIcon;
				ASSETCATALOG_COMPILER_GLOBAL_ACCENT_COLOR_NAME = AccentColor;
				CODE_SIGN_STYLE = Automatic;
				CURRENT_PROJECT_VERSION = 1;
				DEVELOPMENT_ASSET_PATHS = "\"ntcia/Preview Content\"";
				DEVELOPMENT_TEAM = ARFFLBJA7C;
				ENABLE_PREVIEWS = YES;
				GENERATE_INFOPLIST_FILE = YES;
				INFOPLIST_KEY_UIApplicationSceneManifest_Generation = YES;
				INFOPLIST_KEY_UIApplicationSupportsIndirectInputEvents = YES;
				INFOPLIST_KEY_UILaunchScreen_Generation = YES;
				INFOPLIST_KEY_UISupportedInterfaceOrientations_iPad = "UIInterfaceOrientationPortrait UIInterfaceOrientationPortraitUpsideDown UIInterfaceOrientationLandscapeLeft UIInterfaceOrientationLandscapeRight";
				INFOPLIST_KEY_UISupportedInterfaceOrientations_iPhone = "UIInterfaceOrientationPortrait UIInterfaceOrientationLandscapeLeft UIInterfaceOrientationLandscapeRight";
				LD_RUNPATH_SEARCH_PATHS = (
					"$(inherited)",
					"@executable_path/Frameworks",
				);
				MARKETING_VERSION = 1.0;
				PRODUCT_BUNDLE_IDENTIFIER = net.amosity.ntcia;
				PRODUCT_NAME = "$(TARGET_NAME)";
				SWIFT_EMIT_LOC_STRINGS = YES;
				SWIFT_VERSION = 5.0;
				TARGETED_DEVICE_FAMILY = "1,2";
			};
			name = Release;
		};
		02D625EF2B87586C00D40043 /* Debug */ = {
			isa = XCBuildConfiguration;
			buildSettings = {
				ALWAYS_EMBED_SWIFT_STANDARD_LIBRARIES = YES;
				BUNDLE_LOADER = "$(TEST_HOST)";
				CODE_SIGN_STYLE = Automatic;
				CURRENT_PROJECT_VERSION = 1;
				DEVELOPMENT_TEAM = ARFFLBJA7C;
				GENERATE_INFOPLIST_FILE = YES;
				IPHONEOS_DEPLOYMENT_TARGET = 17.0;
				MARKETING_VERSION = 1.0;
				PRODUCT_BUNDLE_IDENTIFIER = net.amosity.ntciaTests;
				PRODUCT_NAME = "$(TARGET_NAME)";
				SWIFT_EMIT_LOC_STRINGS = NO;
				SWIFT_VERSION = 5.0;
				TARGETED_DEVICE_FAMILY = "1,2";
				TEST_HOST = "$(BUILT_PRODUCTS_DIR)/ntcia.app/$(BUNDLE_EXECUTABLE_FOLDER_PATH)/ntcia";
			};
			name = Debug;
		};
		02D625F02B87586C00D40043 /* Release */ = {
			isa = XCBuildConfiguration;
			buildSettings = {
				ALWAYS_EMBED_SWIFT_STANDARD_LIBRARIES = YES;
				BUNDLE_LOADER = "$(TEST_HOST)";
				CODE_SIGN_STYLE = Automatic;
				CURRENT_PROJECT_VERSION = 1;
				DEVELOPMENT_TEAM = ARFFLBJA7C;
				GENERATE_INFOPLIST_FILE = YES;
				IPHONEOS_DEPLOYMENT_TARGET = 17.0;
				MARKETING_VERSION = 1.0;
				PRODUCT_BUNDLE_IDENTIFIER = net.amosity.ntciaTests;
				PRODUCT_NAME = "$(TARGET_NAME)";
				SWIFT_EMIT_LOC_STRINGS = NO;
				SWIFT_VERSION = 5.0;
				TARGETED_DEVICE_FAMILY = "1,2";
				TEST_HOST = "$(BUILT_PRODUCTS_DIR)/ntcia.app/$(BUNDLE_EXECUTABLE_FOLDER_PATH)/ntcia";
			};
			name = Release;
		};
		02D625F22B87586C00D40043 /* Debug */ = {
			isa = XCBuildConfiguration;
			buildSettings = {
				ALWAYS_EMBED_SWIFT_STANDARD_LIBRARIES = YES;
				CODE_SIGN_STYLE = Automatic;
				CURRENT_PROJECT_VERSION = 1;
				DEVELOPMENT_TEAM = ARFFLBJA7C;
				GENERATE_INFOPLIST_FILE = YES;
				MARKETING_VERSION = 1.0;
				PRODUCT_BUNDLE_IDENTIFIER = net.amosity.ntciaUITests;
				PRODUCT_NAME = "$(TARGET_NAME)";
				SWIFT_EMIT_LOC_STRINGS = NO;
				SWIFT_VERSION = 5.0;
				TARGETED_DEVICE_FAMILY = "1,2";
				TEST_TARGET_NAME = ntcia;
			};
			name = Debug;
		};
		02D625F32B87586C00D40043 /* Release */ = {
			isa = XCBuildConfiguration;
			buildSettings = {
				ALWAYS_EMBED_SWIFT_STANDARD_LIBRARIES = YES;
				CODE_SIGN_STYLE = Automatic;
				CURRENT_PROJECT_VERSION = 1;
				DEVELOPMENT_TEAM = ARFFLBJA7C;
				GENERATE_INFOPLIST_FILE = YES;
				MARKETING_VERSION = 1.0;
				PRODUCT_BUNDLE_IDENTIFIER = net.amosity.ntciaUITests;
				PRODUCT_NAME = "$(TARGET_NAME)";
				SWIFT_EMIT_LOC_STRINGS = NO;
				SWIFT_VERSION = 5.0;
				TARGETED_DEVICE_FAMILY = "1,2";
				TEST_TARGET_NAME = ntcia;
			};
			name = Release;
		};
/* End XCBuildConfiguration section */

/* Begin XCConfigurationList section */
		02D625C22B87586700D40043 /* Build configuration list for PBXProject "ntcia" */ = {
			isa = XCConfigurationList;
			buildConfigurations = (
				02D625E92B87586C00D40043 /* Debug */,
				02D625EA2B87586C00D40043 /* Release */,
			);
			defaultConfigurationIsVisible = 0;
			defaultConfigurationName = Release;
		};
		02D625EB2B87586C00D40043 /* Build configuration list for PBXNativeTarget "ntcia" */ = {
			isa = XCConfigurationList;
			buildConfigurations = (
				02D625EC2B87586C00D40043 /* Debug */,
				02D625ED2B87586C00D40043 /* Release */,
			);
			defaultConfigurationIsVisible = 0;
			defaultConfigurationName = Release;
		};
		02D625EE2B87586C00D40043 /* Build configuration list for PBXNativeTarget "ntciaTests" */ = {
			isa = XCConfigurationList;
			buildConfigurations = (
				02D625EF2B87586C00D40043 /* Debug */,
				02D625F02B87586C00D40043 /* Release */,
			);
			defaultConfigurationIsVisible = 0;
			defaultConfigurationName = Release;
		};
		02D625F12B87586C00D40043 /* Build configuration list for PBXNativeTarget "ntciaUITests" */ = {
			isa = XCConfigurationList;
			buildConfigurations = (
				02D625F22B87586C00D40043 /* Debug */,
				02D625F32B87586C00D40043 /* Release */,
			);
			defaultConfigurationIsVisible = 0;
			defaultConfigurationName = Release;
		};
/* End XCConfigurationList section */

/* Begin XCRemoteSwiftPackageReference section */
		02D625F42B875B4100D40043 /* XCRemoteSwiftPackageReference "PythonKit" */ = {
			isa = XCRemoteSwiftPackageReference;
			repositoryURL = "https://github.com/pvieito/PythonKit";
			requirement = {
				branch = master;
				kind = branch;
			};
		};
/* End XCRemoteSwiftPackageReference section */

/* Begin XCSwiftPackageProductDependency section */
		02D625F52B875B4200D40043 /* PythonKit */ = {
			isa = XCSwiftPackageProductDependency;
			package = 02D625F42B875B4100D40043 /* XCRemoteSwiftPackageReference "PythonKit" */;
			productName = PythonKit;
		};
/* End XCSwiftPackageProductDependency section */
	};
	rootObject = 02D625BF2B87586700D40043 /* Project object */;
}
